
Microsoft Visual Studio Solution File, Format Version 12.00
# Visual Studio 14
VisualStudioVersion = 14.0.25420.1
MinimumVisualStudioVersion = 10.0.40219.1
Project("{2150E333-8FDC-42A3-9474-1A3956D46DE8}") = "1. Presentation", "1. Presentation", "{08CC640D-AFC1-4DB1-A276-A7392242C772}"
EndProject
Project("{2150E333-8FDC-42A3-9474-1A3956D46DE8}") = "2. Backend", "2. Backend", "{0E35EFA4-5DDA-46BF-AB4F-2B0E3D27B7E0}"
EndProject
Project("{2150E333-8FDC-42A3-9474-1A3956D46DE8}") = "2.1 Application", "2.1 Application", "{E9171918-C389-40E7-90E3-3BD036DA8A97}"
EndProject
Project("{2150E333-8FDC-42A3-9474-1A3956D46DE8}") = "2.2 Domain", "2.2 Domain", "{DD4359CA-3B8C-4F47-8318-0526C496D22C}"
EndProject
Project("{2150E333-8FDC-42A3-9474-1A3956D46DE8}") = "2.3 Infrastructure", "2.3 Infrastructure", "{B804E54A-726A-436D-B9A0-0F68CA74267B}"
EndProject
Project("{FAE04EC0-301F-11D3-BF4B-00C04F79EFBC}") = "APIRest", "APIRest\APIRest.csproj", "{E3FE3692-A1F0-4688-BDA7-0FF10851A380}"
EndProject
Project("{2150E333-8FDC-42A3-9474-1A3956D46DE8}") = "0. Modeling and Design", "0. Modeling and Design", "{CFF74A29-222E-442E-A141-18169AE302E8}"
EndProject
Project("{FAE04EC0-301F-11D3-BF4B-00C04F79EFBC}") = "ApplicationServices", "ApplicationServices\ApplicationServices.csproj", "{1001C5A5-4465-4FB8-85FE-6012153DA1C0}"
EndProject
Project("{FAE04EC0-301F-11D3-BF4B-00C04F79EFBC}") = "ApplicationCore", "ApplicationCore\ApplicationCore.csproj", "{83DA27C3-F4F0-435C-A5CE-3F312028EB4B}"
EndProject
Project("{FAE04EC0-301F-11D3-BF4B-00C04F79EFBC}") = "DomainCore", "DomainCore\DomainCore.csproj", "{96D47409-563A-4393-BD41-03F48E018828}"
EndProject
Project("{FAE04EC0-301F-11D3-BF4B-00C04F79EFBC}") = "DomainLogic", "DomainLogic\DomainLogic.csproj", "{DD8ADDEF-6151-433C-835B-15ABB0966F01}"
EndProject
Project("{FAE04EC0-301F-11D3-BF4B-00C04F79EFBC}") = "DomainEntities", "DomainEntities\DomainEntities.csproj", "{FECD4E48-E67D-461E-B2E3-FCB2BE1D0521}"
EndProject
Project("{FAE04EC0-301F-11D3-BF4B-00C04F79EFBC}") = "Data", "Data\Data.csproj", "{332B95AF-B691-40B8-A679-B8ED6FFE9882}"
EndProject
Project("{FAE04EC0-301F-11D3-BF4B-00C04F79EFBC}") = "CrossCutting", "CrossCutting\CrossCutting.csproj", "{9D2F7B0B-E504-4C27-9A09-490245588A88}"
EndProject
Project("{FAE04EC0-301F-11D3-BF4B-00C04F79EFBC}") = "ConsoleClient", "ConsoleClient\ConsoleClient.csproj", "{B181183B-7DB2-456A-BFF5-28457431C68C}"
EndProject
Project("{FAE04EC0-301F-11D3-BF4B-00C04F79EFBC}") = "Data.Test", "Data.Test\Data.Test.csproj", "{AC5D9E76-BEC4-4EE9-901E-E3373F944D40}"
EndProject
Project("{FAE04EC0-301F-11D3-BF4B-00C04F79EFBC}") = "DomainLogicTest", "DomainLogicTest\DomainLogicTest.csproj", "{4F5460CC-1CDB-4573-A732-52F674690430}"
EndProject
Project("{FAE04EC0-301F-11D3-BF4B-00C04F79EFBC}") = "ApplicationServiceTest", "ApplicationServiceTest\ApplicationServiceTest.csproj", "{87682982-69DC-4A8F-8634-9DFB8A520CAC}"
EndProject
Project("{FAE04EC0-301F-11D3-BF4B-00C04F79EFBC}") = "APIRestTest", "APIRestTest\APIRestTest.csproj", "{092B1BE1-B0D0-44A8-9A2D-6F39EA3DBFE1}"
EndProject
Global
	GlobalSection(SolutionConfigurationPlatforms) = preSolution
		Debug|Any CPU = Debug|Any CPU
		Release|Any CPU = Release|Any CPU
	EndGlobalSection
	GlobalSection(ProjectConfigurationPlatforms) = postSolution
		{E3FE3692-A1F0-4688-BDA7-0FF10851A380}.Debug|Any CPU.ActiveCfg = Debug|Any CPU
		{E3FE3692-A1F0-4688-BDA7-0FF10851A380}.Debug|Any CPU.Build.0 = Debug|Any CPU
		{E3FE3692-A1F0-4688-BDA7-0FF10851A380}.Release|Any CPU.ActiveCfg = Release|Any CPU
		{E3FE3692-A1F0-4688-BDA7-0FF10851A380}.Release|Any CPU.Build.0 = Release|Any CPU
		{1001C5A5-4465-4FB8-85FE-6012153DA1C0}.Debug|Any CPU.ActiveCfg = Debug|Any CPU
		{1001C5A5-4465-4FB8-85FE-6012153DA1C0}.Debug|Any CPU.Build.0 = Debug|Any CPU
		{1001C5A5-4465-4FB8-85FE-6012153DA1C0}.Release|Any CPU.ActiveCfg = Release|Any CPU
		{1001C5A5-4465-4FB8-85FE-6012153DA1C0}.Release|Any CPU.Build.0 = Release|Any CPU
		{83DA27C3-F4F0-435C-A5CE-3F312028EB4B}.Debug|Any CPU.ActiveCfg = Debug|Any CPU
		{83DA27C3-F4F0-435C-A5CE-3F312028EB4B}.Debug|Any CPU.Build.0 = Debug|Any CPU
		{83DA27C3-F4F0-435C-A5CE-3F312028EB4B}.Release|Any CPU.ActiveCfg = Release|Any CPU
		{83DA27C3-F4F0-435C-A5CE-3F312028EB4B}.Release|Any CPU.Build.0 = Release|Any CPU
		{96D47409-563A-4393-BD41-03F48E018828}.Debug|Any CPU.ActiveCfg = Debug|Any CPU
		{96D47409-563A-4393-BD41-03F48E018828}.Debug|Any CPU.Build.0 = Debug|Any CPU
		{96D47409-563A-4393-BD41-03F48E018828}.Release|Any CPU.ActiveCfg = Release|Any CPU
		{96D47409-563A-4393-BD41-03F48E018828}.Release|Any CPU.Build.0 = Release|Any CPU
		{DD8ADDEF-6151-433C-835B-15ABB0966F01}.Debug|Any CPU.ActiveCfg = Debug|Any CPU
		{DD8ADDEF-6151-433C-835B-15ABB0966F01}.Debug|Any CPU.Build.0 = Debug|Any CPU
		{DD8ADDEF-6151-433C-835B-15ABB0966F01}.Release|Any CPU.ActiveCfg = Release|Any CPU
		{DD8ADDEF-6151-433C-835B-15ABB0966F01}.Release|Any CPU.Build.0 = Release|Any CPU
		{FECD4E48-E67D-461E-B2E3-FCB2BE1D0521}.Debug|Any CPU.ActiveCfg = Debug|Any CPU
		{FECD4E48-E67D-461E-B2E3-FCB2BE1D0521}.Debug|Any CPU.Build.0 = Debug|Any CPU
		{FECD4E48-E67D-461E-B2E3-FCB2BE1D0521}.Release|Any CPU.ActiveCfg = Release|Any CPU
		{FECD4E48-E67D-461E-B2E3-FCB2BE1D0521}.Release|Any CPU.Build.0 = Release|Any CPU
		{332B95AF-B691-40B8-A679-B8ED6FFE9882}.Debug|Any CPU.ActiveCfg = Debug|Any CPU
		{332B95AF-B691-40B8-A679-B8ED6FFE9882}.Debug|Any CPU.Build.0 = Debug|Any CPU
		{332B95AF-B691-40B8-A679-B8ED6FFE9882}.Release|Any CPU.ActiveCfg = Release|Any CPU
		{332B95AF-B691-40B8-A679-B8ED6FFE9882}.Release|Any CPU.Build.0 = Release|Any CPU
		{9D2F7B0B-E504-4C27-9A09-490245588A88}.Debug|Any CPU.ActiveCfg = Debug|Any CPU
		{9D2F7B0B-E504-4C27-9A09-490245588A88}.Debug|Any CPU.Build.0 = Debug|Any CPU
		{9D2F7B0B-E504-4C27-9A09-490245588A88}.Release|Any CPU.ActiveCfg = Release|Any CPU
		{9D2F7B0B-E504-4C27-9A09-490245588A88}.Release|Any CPU.Build.0 = Release|Any CPU
		{B181183B-7DB2-456A-BFF5-28457431C68C}.Debug|Any CPU.ActiveCfg = Debug|Any CPU
		{B181183B-7DB2-456A-BFF5-28457431C68C}.Debug|Any CPU.Build.0 = Debug|Any CPU
		{B181183B-7DB2-456A-BFF5-28457431C68C}.Release|Any CPU.ActiveCfg = Release|Any CPU
		{B181183B-7DB2-456A-BFF5-28457431C68C}.Release|Any CPU.Build.0 = Release|Any CPU
		{AC5D9E76-BEC4-4EE9-901E-E3373F944D40}.Debug|Any CPU.ActiveCfg = Debug|Any CPU
		{AC5D9E76-BEC4-4EE9-901E-E3373F944D40}.Debug|Any CPU.Build.0 = Debug|Any CPU
		{AC5D9E76-BEC4-4EE9-901E-E3373F944D40}.Release|Any CPU.ActiveCfg = Release|Any CPU
		{AC5D9E76-BEC4-4EE9-901E-E3373F944D40}.Release|Any CPU.Build.0 = Release|Any CPU
		{4F5460CC-1CDB-4573-A732-52F674690430}.Debug|Any CPU.ActiveCfg = Debug|Any CPU
		{4F5460CC-1CDB-4573-A732-52F674690430}.Debug|Any CPU.Build.0 = Debug|Any CPU
		{4F5460CC-1CDB-4573-A732-52F674690430}.Release|Any CPU.ActiveCfg = Release|Any CPU
		{4F5460CC-1CDB-4573-A732-52F674690430}.Release|Any CPU.Build.0 = Release|Any CPU
		{87682982-69DC-4A8F-8634-9DFB8A520CAC}.Debug|Any CPU.ActiveCfg = Debug|Any CPU
		{87682982-69DC-4A8F-8634-9DFB8A520CAC}.Debug|Any CPU.Build.0 = Debug|Any CPU
		{87682982-69DC-4A8F-8634-9DFB8A520CAC}.Release|Any CPU.ActiveCfg = Release|Any CPU
		{87682982-69DC-4A8F-8634-9DFB8A520CAC}.Release|Any CPU.Build.0 = Release|Any CPU
		{092B1BE1-B0D0-44A8-9A2D-6F39EA3DBFE1}.Debug|Any CPU.ActiveCfg = Debug|Any CPU
		{092B1BE1-B0D0-44A8-9A2D-6F39EA3DBFE1}.Debug|Any CPU.Build.0 = Debug|Any CPU
		{092B1BE1-B0D0-44A8-9A2D-6F39EA3DBFE1}.Release|Any CPU.ActiveCfg = Release|Any CPU
		{092B1BE1-B0D0-44A8-9A2D-6F39EA3DBFE1}.Release|Any CPU.Build.0 = Release|Any CPU
	EndGlobalSection
	GlobalSection(SolutionProperties) = preSolution
		HideSolutionNode = FALSE
	EndGlobalSection
	GlobalSection(NestedProjects) = preSolution
		{E9171918-C389-40E7-90E3-3BD036DA8A97} = {0E35EFA4-5DDA-46BF-AB4F-2B0E3D27B7E0}
		{DD4359CA-3B8C-4F47-8318-0526C496D22C} = {0E35EFA4-5DDA-46BF-AB4F-2B0E3D27B7E0}
		{B804E54A-726A-436D-B9A0-0F68CA74267B} = {0E35EFA4-5DDA-46BF-AB4F-2B0E3D27B7E0}
		{E3FE3692-A1F0-4688-BDA7-0FF10851A380} = {08CC640D-AFC1-4DB1-A276-A7392242C772}
		{1001C5A5-4465-4FB8-85FE-6012153DA1C0} = {E9171918-C389-40E7-90E3-3BD036DA8A97}
		{83DA27C3-F4F0-435C-A5CE-3F312028EB4B} = {E9171918-C389-40E7-90E3-3BD036DA8A97}
		{96D47409-563A-4393-BD41-03F48E018828} = {DD4359CA-3B8C-4F47-8318-0526C496D22C}
		{DD8ADDEF-6151-433C-835B-15ABB0966F01} = {DD4359CA-3B8C-4F47-8318-0526C496D22C}
		{FECD4E48-E67D-461E-B2E3-FCB2BE1D0521} = {DD4359CA-3B8C-4F47-8318-0526C496D22C}
		{332B95AF-B691-40B8-A679-B8ED6FFE9882} = {B804E54A-726A-436D-B9A0-0F68CA74267B}
		{9D2F7B0B-E504-4C27-9A09-490245588A88} = {B804E54A-726A-436D-B9A0-0F68CA74267B}
		{B181183B-7DB2-456A-BFF5-28457431C68C} = {08CC640D-AFC1-4DB1-A276-A7392242C772}
		{AC5D9E76-BEC4-4EE9-901E-E3373F944D40} = {B804E54A-726A-436D-B9A0-0F68CA74267B}
		{4F5460CC-1CDB-4573-A732-52F674690430} = {DD4359CA-3B8C-4F47-8318-0526C496D22C}
		{87682982-69DC-4A8F-8634-9DFB8A520CAC} = {E9171918-C389-40E7-90E3-3BD036DA8A97}
		{092B1BE1-B0D0-44A8-9A2D-6F39EA3DBFE1} = {08CC640D-AFC1-4DB1-A276-A7392242C772}
	EndGlobalSection
EndGlobal
